
Microsoft Visual Studio Solution File, Format Version 11.00
# Visual Studio 2010
Project("{FAE04EC0-301F-11D3-BF4B-00C04F79EFBC}") = "WeShare.Web", "WeShare\WeShare.Web.csproj", "{B35A294A-DEB6-4E56-83FC-72F2B0631E72}"
EndProject
Project("{FAE04EC0-301F-11D3-BF4B-00C04F79EFBC}") = "WeShare.DataAccess", "WeShare.DataAccess\WeShare.DataAccess.csproj", "{75D63E58-710F-4B9B-AD5F-EFF0CB90E042}"
EndProject
Project("{FAE04EC0-301F-11D3-BF4B-00C04F79EFBC}") = "WeShare.BusinessModel", "WeShare.BusinessModel\WeShare.BusinessModel.csproj", "{DCFC8AD2-9969-4CFC-BEAA-CB94A45D7C6B}"
EndProject
Project("{FAE04EC0-301F-11D3-BF4B-00C04F79EFBC}") = "WeShare.BusinessLogic", "WeShare.BusinessLogic\WeShare.BusinessLogic.csproj", "{1E1B8468-FBA9-42DB-BA5D-9520FDFFD112}"
EndProject
Project("{FAE04EC0-301F-11D3-BF4B-00C04F79EFBC}") = "WeShare.WebHelper", "WeShare.WebHelper\WeShare.WebHelper.csproj", "{070E4B40-1B8B-487A-96BE-F776E00B8F89}"
EndProject
Project("{FAE04EC0-301F-11D3-BF4B-00C04F79EFBC}") = "WeShare.Test", "WeShare.Test\WeShare.Test.csproj", "{D40DDE56-4538-4D28-89A5-F6A5011A84E7}"
EndProject
Project("{2150E333-8FDC-42A3-9474-1A3956D46DE8}") = "Solution Items", "Solution Items", "{EF591100-A935-4E8B-A937-FA7145E53844}"
	ProjectSection(SolutionItems) = preProject
		Local.testsettings = Local.testsettings
		TraceAndTestImpact.testsettings = TraceAndTestImpact.testsettings
		WeShare.vsmdi = WeShare.vsmdi
	EndProjectSection
EndProject
Global
	GlobalSection(TestCaseManagementSettings) = postSolution
		CategoryFile = WeShare.vsmdi
	EndGlobalSection
	GlobalSection(SolutionConfigurationPlatforms) = preSolution
		Debug|Any CPU = Debug|Any CPU
		Release|Any CPU = Release|Any CPU
	EndGlobalSection
	GlobalSection(ProjectConfigurationPlatforms) = postSolution
		{B35A294A-DEB6-4E56-83FC-72F2B0631E72}.Debug|Any CPU.ActiveCfg = Debug|Any CPU
		{B35A294A-DEB6-4E56-83FC-72F2B0631E72}.Debug|Any CPU.Build.0 = Debug|Any CPU
		{B35A294A-DEB6-4E56-83FC-72F2B0631E72}.Release|Any CPU.ActiveCfg = Release|Any CPU
		{B35A294A-DEB6-4E56-83FC-72F2B0631E72}.Release|Any CPU.Build.0 = Release|Any CPU
		{75D63E58-710F-4B9B-AD5F-EFF0CB90E042}.Debug|Any CPU.ActiveCfg = Debug|Any CPU
		{75D63E58-710F-4B9B-AD5F-EFF0CB90E042}.Debug|Any CPU.Build.0 = Debug|Any CPU
		{75D63E58-710F-4B9B-AD5F-EFF0CB90E042}.Release|Any CPU.ActiveCfg = Release|Any CPU
		{75D63E58-710F-4B9B-AD5F-EFF0CB90E042}.Release|Any CPU.Build.0 = Release|Any CPU
		{DCFC8AD2-9969-4CFC-BEAA-CB94A45D7C6B}.Debug|Any CPU.ActiveCfg = Debug|Any CPU
		{DCFC8AD2-9969-4CFC-BEAA-CB94A45D7C6B}.Debug|Any CPU.Build.0 = Debug|Any CPU
		{DCFC8AD2-9969-4CFC-BEAA-CB94A45D7C6B}.Release|Any CPU.ActiveCfg = Release|Any CPU
		{DCFC8AD2-9969-4CFC-BEAA-CB94A45D7C6B}.Release|Any CPU.Build.0 = Release|Any CPU
		{1E1B8468-FBA9-42DB-BA5D-9520FDFFD112}.Debug|Any CPU.ActiveCfg = Debug|Any CPU
		{1E1B8468-FBA9-42DB-BA5D-9520FDFFD112}.Debug|Any CPU.Build.0 = Debug|Any CPU
		{1E1B8468-FBA9-42DB-BA5D-9520FDFFD112}.Release|Any CPU.ActiveCfg = Release|Any CPU
		{1E1B8468-FBA9-42DB-BA5D-9520FDFFD112}.Release|Any CPU.Build.0 = Release|Any CPU
		{070E4B40-1B8B-487A-96BE-F776E00B8F89}.Debug|Any CPU.ActiveCfg = Debug|Any CPU
		{070E4B40-1B8B-487A-96BE-F776E00B8F89}.Debug|Any CPU.Build.0 = Debug|Any CPU
		{070E4B40-1B8B-487A-96BE-F776E00B8F89}.Release|Any CPU.ActiveCfg = Release|Any CPU
		{070E4B40-1B8B-487A-96BE-F776E00B8F89}.Release|Any CPU.Build.0 = Release|Any CPU
		{D40DDE56-4538-4D28-89A5-F6A5011A84E7}.Debug|Any CPU.ActiveCfg = Debug|Any CPU
		{D40DDE56-4538-4D28-89A5-F6A5011A84E7}.Debug|Any CPU.Build.0 = Debug|Any CPU
		{D40DDE56-4538-4D28-89A5-F6A5011A84E7}.Release|Any CPU.ActiveCfg = Release|Any CPU
		{D40DDE56-4538-4D28-89A5-F6A5011A84E7}.Release|Any CPU.Build.0 = Release|Any CPU
	EndGlobalSection
	GlobalSection(SolutionProperties) = preSolution
		HideSolutionNode = FALSE
	EndGlobalSection
EndGlobal
